// !$*UTF8*$!
{
	archiveVersion = 1;
	classes = {
	};
	objectVersion = 55;
	objects = {

/* Begin PBXBuildFile section */
		18BC5EC8C27951881B964230 /* Pods_Movie_like_Netflix.framework in Frameworks */ = {isa = PBXBuildFile; fileRef = 00E527FDBC8BBCD7CD2E8539 /* Pods_Movie_like_Netflix.framework */; };
		EC22E7362ABAA5870044D6B1 /* APICall.swift in Sources */ = {isa = PBXBuildFile; fileRef = EC22E7352ABAA5870044D6B1 /* APICall.swift */; };
		EC22E7392ABBF4900044D6B1 /* Title.swift in Sources */ = {isa = PBXBuildFile; fileRef = EC22E7382ABBF4900044D6B1 /* Title.swift */; };
		EC22E73B2ABD32BC0044D6B1 /* Extensions.swift in Sources */ = {isa = PBXBuildFile; fileRef = EC22E73A2ABD32BC0044D6B1 /* Extensions.swift */; };
		EC4F85D22AC1297D00BD05F3 /* TitleCollectionViewCell.swift in Sources */ = {isa = PBXBuildFile; fileRef = EC4F85D12AC1297D00BD05F3 /* TitleCollectionViewCell.swift */; };
		EC67B4D62ACE5D5E00AC011E /* DataPersistenceManager.swift in Sources */ = {isa = PBXBuildFile; fileRef = EC67B4D52ACE5D5E00AC011E /* DataPersistenceManager.swift */; };
		EC9114EB2AB93C600037C989 /* HeroHeaderUIView.swift in Sources */ = {isa = PBXBuildFile; fileRef = EC9114EA2AB93C600037C989 /* HeroHeaderUIView.swift */; };
		ECE3DC112AB7E5ED00C79990 /* AppDelegate.swift in Sources */ = {isa = PBXBuildFile; fileRef = ECE3DC102AB7E5ED00C79990 /* AppDelegate.swift */; };
		ECE3DC132AB7E5ED00C79990 /* SceneDelegate.swift in Sources */ = {isa = PBXBuildFile; fileRef = ECE3DC122AB7E5ED00C79990 /* SceneDelegate.swift */; };
		ECE3DC152AB7E5ED00C79990 /* MainTabBarViewController.swift in Sources */ = {isa = PBXBuildFile; fileRef = ECE3DC142AB7E5ED00C79990 /* MainTabBarViewController.swift */; };
		ECE3DC182AB7E5ED00C79990 /* Main.storyboard in Resources */ = {isa = PBXBuildFile; fileRef = ECE3DC162AB7E5ED00C79990 /* Main.storyboard */; };
		ECE3DC1B2AB7E5ED00C79990 /* Movie_like_Netflix.xcdatamodeld in Sources */ = {isa = PBXBuildFile; fileRef = ECE3DC192AB7E5ED00C79990 /* Movie_like_Netflix.xcdatamodeld */; };
		ECE3DC1D2AB7E5EE00C79990 /* Assets.xcassets in Resources */ = {isa = PBXBuildFile; fileRef = ECE3DC1C2AB7E5EE00C79990 /* Assets.xcassets */; };
		ECE3DC202AB7E5EE00C79990 /* LaunchScreen.storyboard in Resources */ = {isa = PBXBuildFile; fileRef = ECE3DC1E2AB7E5EE00C79990 /* LaunchScreen.storyboard */; };
		ECE3DC2B2AB7EB3800C79990 /* HomeViewController.swift in Sources */ = {isa = PBXBuildFile; fileRef = ECE3DC2A2AB7EB3800C79990 /* HomeViewController.swift */; };
		ECE3DC2D2AB7EB4A00C79990 /* UpComingViewController.swift in Sources */ = {isa = PBXBuildFile; fileRef = ECE3DC2C2AB7EB4A00C79990 /* UpComingViewController.swift */; };
		ECE3DC2F2AB7EB5D00C79990 /* SearchViewController.swift in Sources */ = {isa = PBXBuildFile; fileRef = ECE3DC2E2AB7EB5D00C79990 /* SearchViewController.swift */; };
		ECE3DC312AB7EB7B00C79990 /* DownloadViewController.swift in Sources */ = {isa = PBXBuildFile; fileRef = ECE3DC302AB7EB7B00C79990 /* DownloadViewController.swift */; };
		ECE3DC372AB7F30C00C79990 /* CollectionViewTableViewCell.swift in Sources */ = {isa = PBXBuildFile; fileRef = ECE3DC362AB7F30C00C79990 /* CollectionViewTableViewCell.swift */; };
		ECE9A79B2AC292E60018E97A /* TitleTableViewCell.swift in Sources */ = {isa = PBXBuildFile; fileRef = ECE9A79A2AC292E60018E97A /* TitleTableViewCell.swift */; };
		ECE9A79D2AC674310018E97A /* TitleViewModel.swift in Sources */ = {isa = PBXBuildFile; fileRef = ECE9A79C2AC674310018E97A /* TitleViewModel.swift */; };
		ECE9A79F2ACA6FE60018E97A /* SearchResultViewController.swift in Sources */ = {isa = PBXBuildFile; fileRef = ECE9A79E2ACA6FE60018E97A /* SearchResultViewController.swift */; };
		ECE9A7A32ACAC4AE0018E97A /* YoutubeSearchResponse.swift in Sources */ = {isa = PBXBuildFile; fileRef = ECE9A7A22ACAC4AE0018E97A /* YoutubeSearchResponse.swift */; };
		ECE9A7A52ACACCDD0018E97A /* TitlePreviewViewController.swift in Sources */ = {isa = PBXBuildFile; fileRef = ECE9A7A42ACACCDD0018E97A /* TitlePreviewViewController.swift */; };
		ECE9A7A72ACAD59F0018E97A /* TitlePreviewViewModel.swift in Sources */ = {isa = PBXBuildFile; fileRef = ECE9A7A62ACAD59F0018E97A /* TitlePreviewViewModel.swift */; };
/* End PBXBuildFile section */

/* Begin PBXFileReference section */
		00E527FDBC8BBCD7CD2E8539 /* Pods_Movie_like_Netflix.framework */ = {isa = PBXFileReference; explicitFileType = wrapper.framework; includeInIndex = 0; path = Pods_Movie_like_Netflix.framework; sourceTree = BUILT_PRODUCTS_DIR; };
		486FDDA8C9839A576DAAE55D /* Pods-Movie like Netflix.release.xcconfig */ = {isa = PBXFileReference; includeInIndex = 1; lastKnownFileType = text.xcconfig; name = "Pods-Movie like Netflix.release.xcconfig"; path = "Target Support Files/Pods-Movie like Netflix/Pods-Movie like Netflix.release.xcconfig"; sourceTree = "<group>"; };
		ACD609BA3D982709586C7949 /* Pods-Movie like Netflix.debug.xcconfig */ = {isa = PBXFileReference; includeInIndex = 1; lastKnownFileType = text.xcconfig; name = "Pods-Movie like Netflix.debug.xcconfig"; path = "Target Support Files/Pods-Movie like Netflix/Pods-Movie like Netflix.debug.xcconfig"; sourceTree = "<group>"; };
		EC22E7352ABAA5870044D6B1 /* APICall.swift */ = {isa = PBXFileReference; lastKnownFileType = sourcecode.swift; path = APICall.swift; sourceTree = "<group>"; };
		EC22E7382ABBF4900044D6B1 /* Title.swift */ = {isa = PBXFileReference; lastKnownFileType = sourcecode.swift; path = Title.swift; sourceTree = "<group>"; };
		EC22E73A2ABD32BC0044D6B1 /* Extensions.swift */ = {isa = PBXFileReference; lastKnownFileType = sourcecode.swift; path = Extensions.swift; sourceTree = "<group>"; };
		EC4F85D12AC1297D00BD05F3 /* TitleCollectionViewCell.swift */ = {isa = PBXFileReference; lastKnownFileType = sourcecode.swift; path = TitleCollectionViewCell.swift; sourceTree = "<group>"; };
		EC67B4D52ACE5D5E00AC011E /* DataPersistenceManager.swift */ = {isa = PBXFileReference; lastKnownFileType = sourcecode.swift; path = DataPersistenceManager.swift; sourceTree = "<group>"; };
		EC9114EA2AB93C600037C989 /* HeroHeaderUIView.swift */ = {isa = PBXFileReference; lastKnownFileType = sourcecode.swift; path = HeroHeaderUIView.swift; sourceTree = "<group>"; };
		ECE3DC0D2AB7E5ED00C79990 /* Movie like Netflix.app */ = {isa = PBXFileReference; explicitFileType = wrapper.application; includeInIndex = 0; path = "Movie like Netflix.app"; sourceTree = BUILT_PRODUCTS_DIR; };
		ECE3DC102AB7E5ED00C79990 /* AppDelegate.swift */ = {isa = PBXFileReference; lastKnownFileType = sourcecode.swift; path = AppDelegate.swift; sourceTree = "<group>"; };
		ECE3DC122AB7E5ED00C79990 /* SceneDelegate.swift */ = {isa = PBXFileReference; lastKnownFileType = sourcecode.swift; path = SceneDelegate.swift; sourceTree = "<group>"; };
		ECE3DC142AB7E5ED00C79990 /* MainTabBarViewController.swift */ = {isa = PBXFileReference; lastKnownFileType = sourcecode.swift; path = MainTabBarViewController.swift; sourceTree = "<group>"; };
		ECE3DC172AB7E5ED00C79990 /* Base */ = {isa = PBXFileReference; lastKnownFileType = file.storyboard; name = Base; path = Base.lproj/Main.storyboard; sourceTree = "<group>"; };
		ECE3DC1A2AB7E5ED00C79990 /* Movie_like_Netflix.xcdatamodel */ = {isa = PBXFileReference; lastKnownFileType = wrapper.xcdatamodel; path = Movie_like_Netflix.xcdatamodel; sourceTree = "<group>"; };
		ECE3DC1C2AB7E5EE00C79990 /* Assets.xcassets */ = {isa = PBXFileReference; lastKnownFileType = folder.assetcatalog; path = Assets.xcassets; sourceTree = "<group>"; };
		ECE3DC1F2AB7E5EE00C79990 /* Base */ = {isa = PBXFileReference; lastKnownFileType = file.storyboard; name = Base; path = Base.lproj/LaunchScreen.storyboard; sourceTree = "<group>"; };
		ECE3DC212AB7E5EE00C79990 /* Info.plist */ = {isa = PBXFileReference; lastKnownFileType = text.plist.xml; path = Info.plist; sourceTree = "<group>"; };
		ECE3DC2A2AB7EB3800C79990 /* HomeViewController.swift */ = {isa = PBXFileReference; lastKnownFileType = sourcecode.swift; path = HomeViewController.swift; sourceTree = "<group>"; };
		ECE3DC2C2AB7EB4A00C79990 /* UpComingViewController.swift */ = {isa = PBXFileReference; lastKnownFileType = sourcecode.swift; path = UpComingViewController.swift; sourceTree = "<group>"; };
		ECE3DC2E2AB7EB5D00C79990 /* SearchViewController.swift */ = {isa = PBXFileReference; lastKnownFileType = sourcecode.swift; path = SearchViewController.swift; sourceTree = "<group>"; };
		ECE3DC302AB7EB7B00C79990 /* DownloadViewController.swift */ = {isa = PBXFileReference; lastKnownFileType = sourcecode.swift; path = DownloadViewController.swift; sourceTree = "<group>"; };
		ECE3DC362AB7F30C00C79990 /* CollectionViewTableViewCell.swift */ = {isa = PBXFileReference; lastKnownFileType = sourcecode.swift; path = CollectionViewTableViewCell.swift; sourceTree = "<group>"; };
		ECE9A79A2AC292E60018E97A /* TitleTableViewCell.swift */ = {isa = PBXFileReference; lastKnownFileType = sourcecode.swift; path = TitleTableViewCell.swift; sourceTree = "<group>"; };
		ECE9A79C2AC674310018E97A /* TitleViewModel.swift */ = {isa = PBXFileReference; lastKnownFileType = sourcecode.swift; path = TitleViewModel.swift; sourceTree = "<group>"; };
		ECE9A79E2ACA6FE60018E97A /* SearchResultViewController.swift */ = {isa = PBXFileReference; lastKnownFileType = sourcecode.swift; path = SearchResultViewController.swift; sourceTree = "<group>"; };
		ECE9A7A22ACAC4AE0018E97A /* YoutubeSearchResponse.swift */ = {isa = PBXFileReference; lastKnownFileType = sourcecode.swift; path = YoutubeSearchResponse.swift; sourceTree = "<group>"; };
		ECE9A7A42ACACCDD0018E97A /* TitlePreviewViewController.swift */ = {isa = PBXFileReference; lastKnownFileType = sourcecode.swift; path = TitlePreviewViewController.swift; sourceTree = "<group>"; };
		ECE9A7A62ACAD59F0018E97A /* TitlePreviewViewModel.swift */ = {isa = PBXFileReference; lastKnownFileType = sourcecode.swift; path = TitlePreviewViewModel.swift; sourceTree = "<group>"; };
/* End PBXFileReference section */

/* Begin PBXFrameworksBuildPhase section */
		ECE3DC0A2AB7E5ED00C79990 /* Frameworks */ = {
			isa = PBXFrameworksBuildPhase;
			buildActionMask = 2147483647;
			files = (
				18BC5EC8C27951881B964230 /* Pods_Movie_like_Netflix.framework in Frameworks */,
			);
			runOnlyForDeploymentPostprocessing = 0;
		};
/* End PBXFrameworksBuildPhase section */

/* Begin PBXGroup section */
		542795039E43F108A3B2DB61 /* Pods */ = {
			isa = PBXGroup;
			children = (
				ACD609BA3D982709586C7949 /* Pods-Movie like Netflix.debug.xcconfig */,
				486FDDA8C9839A576DAAE55D /* Pods-Movie like Netflix.release.xcconfig */,
			);
			path = Pods;
			sourceTree = "<group>";
		};
		55E7F7CD59752AEA9D81E1ED /* Frameworks */ = {
			isa = PBXGroup;
			children = (
				00E527FDBC8BBCD7CD2E8539 /* Pods_Movie_like_Netflix.framework */,
			);
			name = Frameworks;
			sourceTree = "<group>";
		};
		EC22E7372ABBF4790044D6B1 /* Manager */ = {
			isa = PBXGroup;
			children = (
				EC22E7352ABAA5870044D6B1 /* APICall.swift */,
				EC67B4D52ACE5D5E00AC011E /* DataPersistenceManager.swift */,
			);
			path = Manager;
			sourceTree = "<group>";
		};
		ECE3DC042AB7E5ED00C79990 = {
			isa = PBXGroup;
			children = (
				ECE3DC0F2AB7E5ED00C79990 /* Movie like Netflix */,
				ECE3DC0E2AB7E5ED00C79990 /* Products */,
				542795039E43F108A3B2DB61 /* Pods */,
				55E7F7CD59752AEA9D81E1ED /* Frameworks */,
			);
			sourceTree = "<group>";
		};
		ECE3DC0E2AB7E5ED00C79990 /* Products */ = {
			isa = PBXGroup;
			children = (
				ECE3DC0D2AB7E5ED00C79990 /* Movie like Netflix.app */,
			);
			name = Products;
			sourceTree = "<group>";
		};
		ECE3DC0F2AB7E5ED00C79990 /* Movie like Netflix */ = {
			isa = PBXGroup;
			children = (
				EC22E7372ABBF4790044D6B1 /* Manager */,
				ECE3DC352AB7F2C700C79990 /* Resources */,
				ECE3DC342AB7F2B200C79990 /* Models */,
				ECE3DC332AB7F29E00C79990 /* ViewModels */,
				ECE3DC322AB7F29700C79990 /* Views */,
				ECE3DC272AB7EADF00C79990 /* Controllers */,
				ECE3DC162AB7E5ED00C79990 /* Main.storyboard */,
				ECE3DC1C2AB7E5EE00C79990 /* Assets.xcassets */,
				ECE3DC1E2AB7E5EE00C79990 /* LaunchScreen.storyboard */,
				ECE3DC212AB7E5EE00C79990 /* Info.plist */,
				ECE3DC192AB7E5ED00C79990 /* Movie_like_Netflix.xcdatamodeld */,
			);
			path = "Movie like Netflix";
			sourceTree = "<group>";
		};
		ECE3DC272AB7EADF00C79990 /* Controllers */ = {
			isa = PBXGroup;
			children = (
				ECE9A7A12ACA701D0018E97A /* General */,
				ECE9A7A02ACA700E0018E97A /* Core */,
				ECE3DC2A2AB7EB3800C79990 /* HomeViewController.swift */,
				ECE3DC142AB7E5ED00C79990 /* MainTabBarViewController.swift */,
				ECE3DC2C2AB7EB4A00C79990 /* UpComingViewController.swift */,
				ECE3DC2E2AB7EB5D00C79990 /* SearchViewController.swift */,
				ECE3DC302AB7EB7B00C79990 /* DownloadViewController.swift */,
			);
			path = Controllers;
			sourceTree = "<group>";
		};
		ECE3DC322AB7F29700C79990 /* Views */ = {
			isa = PBXGroup;
			children = (
				EC9114EA2AB93C600037C989 /* HeroHeaderUIView.swift */,
				ECE9A79A2AC292E60018E97A /* TitleTableViewCell.swift */,
				ECE3DC362AB7F30C00C79990 /* CollectionViewTableViewCell.swift */,
				EC4F85D12AC1297D00BD05F3 /* TitleCollectionViewCell.swift */,
			);
			path = Views;
			sourceTree = "<group>";
		};
		ECE3DC332AB7F29E00C79990 /* ViewModels */ = {
			isa = PBXGroup;
			children = (
				ECE9A79C2AC674310018E97A /* TitleViewModel.swift */,
				ECE9A7A62ACAD59F0018E97A /* TitlePreviewViewModel.swift */,
			);
			path = ViewModels;
			sourceTree = "<group>";
		};
		ECE3DC342AB7F2B200C79990 /* Models */ = {
			isa = PBXGroup;
			children = (
				EC22E7382ABBF4900044D6B1 /* Title.swift */,
				ECE9A7A22ACAC4AE0018E97A /* YoutubeSearchResponse.swift */,
			);
			path = Models;
			sourceTree = "<group>";
		};
		ECE3DC352AB7F2C700C79990 /* Resources */ = {
			isa = PBXGroup;
			children = (
				ECE3DC122AB7E5ED00C79990 /* SceneDelegate.swift */,
				ECE3DC102AB7E5ED00C79990 /* AppDelegate.swift */,
				EC22E73A2ABD32BC0044D6B1 /* Extensions.swift */,
			);
			path = Resources;
			sourceTree = "<group>";
		};
		ECE9A7A02ACA700E0018E97A /* Core */ = {
			isa = PBXGroup;
			children = (
			);
			path = Core;
			sourceTree = "<group>";
		};
		ECE9A7A12ACA701D0018E97A /* General */ = {
			isa = PBXGroup;
			children = (
				ECE9A79E2ACA6FE60018E97A /* SearchResultViewController.swift */,
				ECE9A7A42ACACCDD0018E97A /* TitlePreviewViewController.swift */,
			);
			path = General;
			sourceTree = "<group>";
		};
/* End PBXGroup section */

/* Begin PBXNativeTarget section */
		ECE3DC0C2AB7E5ED00C79990 /* Movie like Netflix */ = {
			isa = PBXNativeTarget;
			buildConfigurationList = ECE3DC242AB7E5EE00C79990 /* Build configuration list for PBXNativeTarget "Movie like Netflix" */;
			buildPhases = (
				B08BE4C97D9BF2B39A92F692 /* [CP] Check Pods Manifest.lock */,
				ECE3DC092AB7E5ED00C79990 /* Sources */,
				ECE3DC0A2AB7E5ED00C79990 /* Frameworks */,
				ECE3DC0B2AB7E5ED00C79990 /* Resources */,
				A664783F38025B526E873EBC /* [CP] Embed Pods Frameworks */,
			);
			buildRules = (
			);
			dependencies = (
			);
			name = "Movie like Netflix";
			productName = "Movie like Netflix";
			productReference = ECE3DC0D2AB7E5ED00C79990 /* Movie like Netflix.app */;
			productType = "com.apple.product-type.application";
		};
/* End PBXNativeTarget section */

/* Begin PBXProject section */
		ECE3DC052AB7E5ED00C79990 /* Project object */ = {
			isa = PBXProject;
			attributes = {
				BuildIndependentTargetsInParallel = 1;
				LastSwiftUpdateCheck = 1430;
				LastUpgradeCheck = 1430;
				TargetAttributes = {
					ECE3DC0C2AB7E5ED00C79990 = {
						CreatedOnToolsVersion = 14.3.1;
					};
				};
			};
			buildConfigurationList = ECE3DC082AB7E5ED00C79990 /* Build configuration list for PBXProject "Movie like Netflix" */;
			compatibilityVersion = "Xcode 13.0";
			developmentRegion = en;
			hasScannedForEncodings = 0;
			knownRegions = (
				en,
				Base,
			);
			mainGroup = ECE3DC042AB7E5ED00C79990;
			productRefGroup = ECE3DC0E2AB7E5ED00C79990 /* Products */;
			projectDirPath = "";
			projectRoot = "";
			targets = (
				ECE3DC0C2AB7E5ED00C79990 /* Movie like Netflix */,
			);
		};
/* End PBXProject section */

/* Begin PBXResourcesBuildPhase section */
		ECE3DC0B2AB7E5ED00C79990 /* Resources */ = {
			isa = PBXResourcesBuildPhase;
			buildActionMask = 2147483647;
			files = (
				ECE3DC202AB7E5EE00C79990 /* LaunchScreen.storyboard in Resources */,
				ECE3DC1D2AB7E5EE00C79990 /* Assets.xcassets in Resources */,
				ECE3DC182AB7E5ED00C79990 /* Main.storyboard in Resources */,
			);
			runOnlyForDeploymentPostprocessing = 0;
		};
/* End PBXResourcesBuildPhase section */

/* Begin PBXShellScriptBuildPhase section */
		A664783F38025B526E873EBC /* [CP] Embed Pods Frameworks */ = {
			isa = PBXShellScriptBuildPhase;
			buildActionMask = 2147483647;
			files = (
			);
			inputFileListPaths = (
				"${PODS_ROOT}/Target Support Files/Pods-Movie like Netflix/Pods-Movie like Netflix-frameworks-${CONFIGURATION}-input-files.xcfilelist",
			);
			name = "[CP] Embed Pods Frameworks";
			outputFileListPaths = (
				"${PODS_ROOT}/Target Support Files/Pods-Movie like Netflix/Pods-Movie like Netflix-frameworks-${CONFIGURATION}-output-files.xcfilelist",
			);
			runOnlyForDeploymentPostprocessing = 0;
			shellPath = /bin/sh;
			shellScript = "\"${PODS_ROOT}/Target Support Files/Pods-Movie like Netflix/Pods-Movie like Netflix-frameworks.sh\"\n";
			showEnvVarsInLog = 0;
		};
		B08BE4C97D9BF2B39A92F692 /* [CP] Check Pods Manifest.lock */ = {
			isa = PBXShellScriptBuildPhase;
			buildActionMask = 2147483647;
			files = (
			);
			inputFileListPaths = (
			);
			inputPaths = (
				"${PODS_PODFILE_DIR_PATH}/Podfile.lock",
				"${PODS_ROOT}/Manifest.lock",
			);
			name = "[CP] Check Pods Manifest.lock";
			outputFileListPaths = (
			);
			outputPaths = (
				"$(DERIVED_FILE_DIR)/Pods-Movie like Netflix-checkManifestLockResult.txt",
			);
			runOnlyForDeploymentPostprocessing = 0;
			shellPath = /bin/sh;
			shellScript = "diff \"${PODS_PODFILE_DIR_PATH}/Podfile.lock\" \"${PODS_ROOT}/Manifest.lock\" > /dev/null\nif [ $? != 0 ] ; then\n    # print error to STDERR\n    echo \"error: The sandbox is not in sync with the Podfile.lock. Run 'pod install' or update your CocoaPods installation.\" >&2\n    exit 1\nfi\n# This output is used by Xcode 'outputs' to avoid re-running this script phase.\necho \"SUCCESS\" > \"${SCRIPT_OUTPUT_FILE_0}\"\n";
			showEnvVarsInLog = 0;
		};
/* End PBXShellScriptBuildPhase section */

/* Begin PBXSourcesBuildPhase section */
		ECE3DC092AB7E5ED00C79990 /* Sources */ = {
			isa = PBXSourcesBuildPhase;
			buildActionMask = 2147483647;
			files = (
				ECE3DC2B2AB7EB3800C79990 /* HomeViewController.swift in Sources */,
				ECE3DC2F2AB7EB5D00C79990 /* SearchViewController.swift in Sources */,
				EC22E7392ABBF4900044D6B1 /* Title.swift in Sources */,
				ECE3DC1B2AB7E5ED00C79990 /* Movie_like_Netflix.xcdatamodeld in Sources */,
				EC22E7362ABAA5870044D6B1 /* APICall.swift in Sources */,
				ECE3DC152AB7E5ED00C79990 /* MainTabBarViewController.swift in Sources */,
				ECE3DC112AB7E5ED00C79990 /* AppDelegate.swift in Sources */,
				ECE3DC372AB7F30C00C79990 /* CollectionViewTableViewCell.swift in Sources */,
				EC22E73B2ABD32BC0044D6B1 /* Extensions.swift in Sources */,
				ECE9A7A52ACACCDD0018E97A /* TitlePreviewViewController.swift in Sources */,
				ECE3DC2D2AB7EB4A00C79990 /* UpComingViewController.swift in Sources */,
				ECE9A79B2AC292E60018E97A /* TitleTableViewCell.swift in Sources */,
				ECE3DC312AB7EB7B00C79990 /* DownloadViewController.swift in Sources */,
				ECE9A7A32ACAC4AE0018E97A /* YoutubeSearchResponse.swift in Sources */,
				EC4F85D22AC1297D00BD05F3 /* TitleCollectionViewCell.swift in Sources */,
				ECE9A79F2ACA6FE60018E97A /* SearchResultViewController.swift in Sources */,
				EC67B4D62ACE5D5E00AC011E /* DataPersistenceManager.swift in Sources */,
				ECE9A79D2AC674310018E97A /* TitleViewModel.swift in Sources */,
				ECE3DC132AB7E5ED00C79990 /* SceneDelegate.swift in Sources */,
				ECE9A7A72ACAD59F0018E97A /* TitlePreviewViewModel.swift in Sources */,
				EC9114EB2AB93C600037C989 /* HeroHeaderUIView.swift in Sources */,
			);
			runOnlyForDeploymentPostprocessing = 0;
		};
/* End PBXSourcesBuildPhase section */

/* Begin PBXVariantGroup section */
		ECE3DC162AB7E5ED00C79990 /* Main.storyboard */ = {
			isa = PBXVariantGroup;
			children = (
				ECE3DC172AB7E5ED00C79990 /* Base */,
			);
			name = Main.storyboard;
			sourceTree = "<group>";
		};
		ECE3DC1E2AB7E5EE00C79990 /* LaunchScreen.storyboard */ = {
			isa = PBXVariantGroup;
			children = (
				ECE3DC1F2AB7E5EE00C79990 /* Base */,
			);
			name = LaunchScreen.storyboard;
			sourceTree = "<group>";
		};
/* End PBXVariantGroup section */

/* Begin XCBuildConfiguration section */
		ECE3DC222AB7E5EE00C79990 /* Debug */ = {
			isa = XCBuildConfiguration;
			buildSettings = {
				ALWAYS_SEARCH_USER_PATHS = NO;
				CLANG_ANALYZER_NONNULL = YES;
				CLANG_ANALYZER_NUMBER_OBJECT_CONVERSION = YES_AGGRESSIVE;
				CLANG_CXX_LANGUAGE_STANDARD = "gnu++20";
				CLANG_ENABLE_MODULES = YES;
				CLANG_ENABLE_OBJC_ARC = YES;
				CLANG_ENABLE_OBJC_WEAK = YES;
				CLANG_WARN_BLOCK_CAPTURE_AUTORELEASING = YES;
				CLANG_WARN_BOOL_CONVERSION = YES;
				CLANG_WARN_COMMA = YES;
				CLANG_WARN_CONSTANT_CONVERSION = YES;
				CLANG_WARN_DEPRECATED_OBJC_IMPLEMENTATIONS = YES;
				CLANG_WARN_DIRECT_OBJC_ISA_USAGE = YES_ERROR;
				CLANG_WARN_DOCUMENTATION_COMMENTS = YES;
				CLANG_WARN_EMPTY_BODY = YES;
				CLANG_WARN_ENUM_CONVERSION = YES;
				CLANG_WARN_INFINITE_RECURSION = YES;
				CLANG_WARN_INT_CONVERSION = YES;
				CLANG_WARN_NON_LITERAL_NULL_CONVERSION = YES;
				CLANG_WARN_OBJC_IMPLICIT_RETAIN_SELF = YES;
				CLANG_WARN_OBJC_LITERAL_CONVERSION = YES;
				CLANG_WARN_OBJC_ROOT_CLASS = YES_ERROR;
				CLANG_WARN_QUOTED_INCLUDE_IN_FRAMEWORK_HEADER = YES;
				CLANG_WARN_RANGE_LOOP_ANALYSIS = YES;
				CLANG_WARN_STRICT_PROTOTYPES = YES;
				CLANG_WARN_SUSPICIOUS_MOVE = YES;
				CLANG_WARN_UNGUARDED_AVAILABILITY = YES_AGGRESSIVE;
				CLANG_WARN_UNREACHABLE_CODE = YES;
				CLANG_WARN__DUPLICATE_METHOD_MATCH = YES;
				COPY_PHASE_STRIP = NO;
				DEBUG_INFORMATION_FORMAT = dwarf;
				ENABLE_STRICT_OBJC_MSGSEND = YES;
				ENABLE_TESTABILITY = YES;
				GCC_C_LANGUAGE_STANDARD = gnu11;
				GCC_DYNAMIC_NO_PIC = NO;
				GCC_NO_COMMON_BLOCKS = YES;
				GCC_OPTIMIZATION_LEVEL = 0;
				GCC_PREPROCESSOR_DEFINITIONS = (
					"DEBUG=1",
					"$(inherited)",
				);
				GCC_WARN_64_TO_32_BIT_CONVERSION = YES;
				GCC_WARN_ABOUT_RETURN_TYPE = YES_ERROR;
				GCC_WARN_UNDECLARED_SELECTOR = YES;
				GCC_WARN_UNINITIALIZED_AUTOS = YES_AGGRESSIVE;
				GCC_WARN_UNUSED_FUNCTION = YES;
				GCC_WARN_UNUSED_VARIABLE = YES;
				IPHONEOS_DEPLOYMENT_TARGET = 16.4;
				MTL_ENABLE_DEBUG_INFO = INCLUDE_SOURCE;
				MTL_FAST_MATH = YES;
				ONLY_ACTIVE_ARCH = YES;
				SDKROOT = iphoneos;
				SWIFT_ACTIVE_COMPILATION_CONDITIONS = DEBUG;
				SWIFT_OPTIMIZATION_LEVEL = "-Onone";
			};
			name = Debug;
		};
		ECE3DC232AB7E5EE00C79990 /* Release */ = {
			isa = XCBuildConfiguration;
			buildSettings = {
				ALWAYS_SEARCH_USER_PATHS = NO;
				CLANG_ANALYZER_NONNULL = YES;
				CLANG_ANALYZER_NUMBER_OBJECT_CONVERSION = YES_AGGRESSIVE;
				CLANG_CXX_LANGUAGE_STANDARD = "gnu++20";
				CLANG_ENABLE_MODULES = YES;
				CLANG_ENABLE_OBJC_ARC = YES;
				CLANG_ENABLE_OBJC_WEAK = YES;
				CLANG_WARN_BLOCK_CAPTURE_AUTORELEASING = YES;
				CLANG_WARN_BOOL_CONVERSION = YES;
				CLANG_WARN_COMMA = YES;
				CLANG_WARN_CONSTANT_CONVERSION = YES;
				CLANG_WARN_DEPRECATED_OBJC_IMPLEMENTATIONS = YES;
				CLANG_WARN_DIRECT_OBJC_ISA_USAGE = YES_ERROR;
				CLANG_WARN_DOCUMENTATION_COMMENTS = YES;
				CLANG_WARN_EMPTY_BODY = YES;
				CLANG_WARN_ENUM_CONVERSION = YES;
				CLANG_WARN_INFINITE_RECURSION = YES;
				CLANG_WARN_INT_CONVERSION = YES;
				CLANG_WARN_NON_LITERAL_NULL_CONVERSION = YES;
				CLANG_WARN_OBJC_IMPLICIT_RETAIN_SELF = YES;
				CLANG_WARN_OBJC_LITERAL_CONVERSION = YES;
				CLANG_WARN_OBJC_ROOT_CLASS = YES_ERROR;
				CLANG_WARN_QUOTED_INCLUDE_IN_FRAMEWORK_HEADER = YES;
				CLANG_WARN_RANGE_LOOP_ANALYSIS = YES;
				CLANG_WARN_STRICT_PROTOTYPES = YES;
				CLANG_WARN_SUSPICIOUS_MOVE = YES;
				CLANG_WARN_UNGUARDED_AVAILABILITY = YES_AGGRESSIVE;
				CLANG_WARN_UNREACHABLE_CODE = YES;
				CLANG_WARN__DUPLICATE_METHOD_MATCH = YES;
				COPY_PHASE_STRIP = NO;
				DEBUG_INFORMATION_FORMAT = "dwarf-with-dsym";
				ENABLE_NS_ASSERTIONS = NO;
				ENABLE_STRICT_OBJC_MSGSEND = YES;
				GCC_C_LANGUAGE_STANDARD = gnu11;
				GCC_NO_COMMON_BLOCKS = YES;
				GCC_WARN_64_TO_32_BIT_CONVERSION = YES;
				GCC_WARN_ABOUT_RETURN_TYPE = YES_ERROR;
				GCC_WARN_UNDECLARED_SELECTOR = YES;
				GCC_WARN_UNINITIALIZED_AUTOS = YES_AGGRESSIVE;
				GCC_WARN_UNUSED_FUNCTION = YES;
				GCC_WARN_UNUSED_VARIABLE = YES;
				IPHONEOS_DEPLOYMENT_TARGET = 16.4;
				MTL_ENABLE_DEBUG_INFO = NO;
				MTL_FAST_MATH = YES;
				SDKROOT = iphoneos;
				SWIFT_COMPILATION_MODE = wholemodule;
				SWIFT_OPTIMIZATION_LEVEL = "-O";
				VALIDATE_PRODUCT = YES;
			};
			name = Release;
		};
		ECE3DC252AB7E5EE00C79990 /* Debug */ = {
			isa = XCBuildConfiguration;
			baseConfigurationReference = ACD609BA3D982709586C7949 /* Pods-Movie like Netflix.debug.xcconfig */;
			buildSettings = {
				ASSETCATALOG_COMPILER_APPICON_NAME = AppIcon;
				ASSETCATALOG_COMPILER_GLOBAL_ACCENT_COLOR_NAME = AccentColor;
				CODE_SIGN_STYLE = Automatic;
				CURRENT_PROJECT_VERSION = 1;
				GENERATE_INFOPLIST_FILE = YES;
				INFOPLIST_FILE = "Movie like Netflix/Info.plist";
				INFOPLIST_KEY_UIApplicationSupportsIndirectInputEvents = YES;
				INFOPLIST_KEY_UILaunchStoryboardName = LaunchScreen;
				INFOPLIST_KEY_UISupportedInterfaceOrientations_iPad = "UIInterfaceOrientationPortrait UIInterfaceOrientationPortraitUpsideDown UIInterfaceOrientationLandscapeLeft UIInterfaceOrientationLandscapeRight";
				INFOPLIST_KEY_UISupportedInterfaceOrientations_iPhone = "UIInterfaceOrientationPortrait UIInterfaceOrientationLandscapeLeft UIInterfaceOrientationLandscapeRight";
				IPHONEOS_DEPLOYMENT_TARGET = 13.0;
				LD_RUNPATH_SEARCH_PATHS = (
					"$(inherited)",
					"@executable_path/Frameworks",
				);
				MARKETING_VERSION = 1.0;
				PRODUCT_BUNDLE_IDENTIFIER = "Ibossdemo.Movie-like-Netflix";
				PRODUCT_NAME = "$(TARGET_NAME)";
				SWIFT_EMIT_LOC_STRINGS = YES;
				SWIFT_VERSION = 5.0;
				TARGETED_DEVICE_FAMILY = "1,2";
			};
			name = Debug;
		};
		ECE3DC262AB7E5EE00C79990 /* Release */ = {
			isa = XCBuildConfiguration;
			baseConfigurationReference = 486FDDA8C9839A576DAAE55D /* Pods-Movie like Netflix.release.xcconfig */;
			buildSettings = {
				ASSETCATALOG_COMPILER_APPICON_NAME = AppIcon;
				ASSETCATALOG_COMPILER_GLOBAL_ACCENT_COLOR_NAME = AccentColor;
				CODE_SIGN_STYLE = Automatic;
				CURRENT_PROJECT_VERSION = 1;
				GENERATE_INFOPLIST_FILE = YES;
				INFOPLIST_FILE = "Movie like Netflix/Info.plist";
				INFOPLIST_KEY_UIApplicationSupportsIndirectInputEvents = YES;
				INFOPLIST_KEY_UILaunchStoryboardName = LaunchScreen;
				INFOPLIST_KEY_UISupportedInterfaceOrientations_iPad = "UIInterfaceOrientationPortrait UIInterfaceOrientationPortraitUpsideDown UIInterfaceOrientationLandscapeLeft UIInterfaceOrientationLandscapeRight";
				INFOPLIST_KEY_UISupportedInterfaceOrientations_iPhone = "UIInterfaceOrientationPortrait UIInterfaceOrientationLandscapeLeft UIInterfaceOrientationLandscapeRight";
				IPHONEOS_DEPLOYMENT_TARGET = 13.0;
				LD_RUNPATH_SEARCH_PATHS = (
					"$(inherited)",
					"@executable_path/Frameworks",
				);
				MARKETING_VERSION = 1.0;
				PRODUCT_BUNDLE_IDENTIFIER = "Ibossdemo.Movie-like-Netflix";
				PRODUCT_NAME = "$(TARGET_NAME)";
				SWIFT_EMIT_LOC_STRINGS = YES;
				SWIFT_VERSION = 5.0;
				TARGETED_DEVICE_FAMILY = "1,2";
			};
			name = Release;
		};
/* End XCBuildConfiguration section */

/* Begin XCConfigurationList section */
		ECE3DC082AB7E5ED00C79990 /* Build configuration list for PBXProject "Movie like Netflix" */ = {
			isa = XCConfigurationList;
			buildConfigurations = (
				ECE3DC222AB7E5EE00C79990 /* Debug */,
				ECE3DC232AB7E5EE00C79990 /* Release */,
			);
			defaultConfigurationIsVisible = 0;
			defaultConfigurationName = Release;
		};
		ECE3DC242AB7E5EE00C79990 /* Build configuration list for PBXNativeTarget "Movie like Netflix" */ = {
			isa = XCConfigurationList;
			buildConfigurations = (
				ECE3DC252AB7E5EE00C79990 /* Debug */,
				ECE3DC262AB7E5EE00C79990 /* Release */,
			);
			defaultConfigurationIsVisible = 0;
			defaultConfigurationName = Release;
		};
/* End XCConfigurationList section */

/* Begin XCVersionGroup section */
		ECE3DC192AB7E5ED00C79990 /* Movie_like_Netflix.xcdatamodeld */ = {
			isa = XCVersionGroup;
			children = (
				ECE3DC1A2AB7E5ED00C79990 /* Movie_like_Netflix.xcdatamodel */,
			);
			currentVersion = ECE3DC1A2AB7E5ED00C79990 /* Movie_like_Netflix.xcdatamodel */;
			path = Movie_like_Netflix.xcdatamodeld;
			sourceTree = "<group>";
			versionGroupType = wrapper.xcdatamodel;
		};
/* End XCVersionGroup section */
	};
	rootObject = ECE3DC052AB7E5ED00C79990 /* Project object */;
}
